
Microsoft Visual Studio Solution File, Format Version 12.00
# Visual Studio Version 16
VisualStudioVersion = 16.0.29409.12
MinimumVisualStudioVersion = 10.0.40219.1
Project("{FAE04EC0-301F-11D3-BF4B-00C04F79EFBC}") = "WTPSample", "WTPSample\WTPSample.csproj", "{559349E2-AAB1-40A3-A33C-2F5DD12E5288}"
EndProject
Project("{FAE04EC0-301F-11D3-BF4B-00C04F79EFBC}") = "WTPSample.Service", "WTPSample.Service\WTPSample.Service.csproj", "{B12E1823-D500-4004-9ECE-383F75F3410B}"
EndProject
Project("{FAE04EC0-301F-11D3-BF4B-00C04F79EFBC}") = "WTPSample.Database", "WTPSample.Database\WTPSample.Database.csproj", "{9CB136FF-C6E5-4489-A36C-069C19F1E032}"
EndProject
Global
	GlobalSection(SolutionConfigurationPlatforms) = preSolution
		Debug|Any CPU = Debug|Any CPU
		Release|Any CPU = Release|Any CPU
	EndGlobalSection
	GlobalSection(ProjectConfigurationPlatforms) = postSolution
		{559349E2-AAB1-40A3-A33C-2F5DD12E5288}.Debug|Any CPU.ActiveCfg = Debug|Any CPU
		{559349E2-AAB1-40A3-A33C-2F5DD12E5288}.Debug|Any CPU.Build.0 = Debug|Any CPU
		{559349E2-AAB1-40A3-A33C-2F5DD12E5288}.Release|Any CPU.ActiveCfg = Release|Any CPU
		{559349E2-AAB1-40A3-A33C-2F5DD12E5288}.Release|Any CPU.Build.0 = Release|Any CPU
		{B12E1823-D500-4004-9ECE-383F75F3410B}.Debug|Any CPU.ActiveCfg = Debug|Any CPU
		{B12E1823-D500-4004-9ECE-383F75F3410B}.Debug|Any CPU.Build.0 = Debug|Any CPU
		{B12E1823-D500-4004-9ECE-383F75F3410B}.Release|Any CPU.ActiveCfg = Release|Any CPU
		{B12E1823-D500-4004-9ECE-383F75F3410B}.Release|Any CPU.Build.0 = Release|Any CPU
		{9CB136FF-C6E5-4489-A36C-069C19F1E032}.Debug|Any CPU.ActiveCfg = Debug|Any CPU
		{9CB136FF-C6E5-4489-A36C-069C19F1E032}.Debug|Any CPU.Build.0 = Debug|Any CPU
		{9CB136FF-C6E5-4489-A36C-069C19F1E032}.Release|Any CPU.ActiveCfg = Release|Any CPU
		{9CB136FF-C6E5-4489-A36C-069C19F1E032}.Release|Any CPU.Build.0 = Release|Any CPU
	EndGlobalSection
	GlobalSection(SolutionProperties) = preSolution
		HideSolutionNode = FALSE
	EndGlobalSection
	GlobalSection(ExtensibilityGlobals) = postSolution
		SolutionGuid = {0507C186-D04F-4E20-80BA-F983A9D5ECEC}
	EndGlobalSection
EndGlobal
